{
    "requires": true,
    "lockfileVersion": 1,
    "dependencies": {
        "core-js": {
            "version": "3.22.0",
            "resolved": "https://registry.npmjs.org/core-js/-/core-js-3.22.0.tgz",
            "integrity": "sha512-8h9jBweRjMiY+ORO7bdWSeWfHhLPO7whobj7Z2Bl0IDo00C228EdGgH7FE4jGumbEjzcFfkfW8bXgdkEDhnwHQ=="
        },
        "devextreme-quill": {
            "version": "1.5.14",
            "resolved": "https://registry.npmjs.org/devextreme-quill/-/devextreme-quill-1.5.14.tgz",
            "integrity": "sha512-BDYaMKEcV+Q+ldv0o08X72wJBwG3jgKuLOl067cwqunTrZ6l+7w2eBb0+7Ms22WoGr/RL2bWoEOCoUN9pzcY8w==",
            "requires": {
                "core-js": "^3.19.1",
                "eventemitter3": "^4.0.0",
                "lodash.clonedeep": "^4.5.0",
                "lodash.isequal": "^4.5.0",
                "lodash.merge": "^4.5.0",
                "parchment": "2.0.0-dev.2",
                "quill-delta": "4.2.2"
            }
        },
        "eventemitter3": {
            "version": "4.0.7",
            "resolved": "https://registry.npmjs.org/eventemitter3/-/eventemitter3-4.0.7.tgz",
            "integrity": "sha512-8guHBZCwKnFhYdHr2ysuRWErTwhoN2X8XELRlrRwpmfeY2jjuUN4taQMsULKUVo1K4DvZl+0pgfyoysHxvmvEw=="
        },
        "fast-diff": {
            "version": "1.2.0",
            "resolved": "https://registry.npmjs.org/fast-diff/-/fast-diff-1.2.0.tgz",
            "integrity": "sha512-xJuoT5+L99XlZ8twedaRf6Ax2TgQVxvgZOYoPKqZufmJib0tL2tegPBOZb1pVNgIhlqDlA0eO0c3wBvQcmzx4w=="
        },
        "lodash.clonedeep": {
            "version": "4.5.0",
            "resolved": "https://registry.npmjs.org/lodash.clonedeep/-/lodash.clonedeep-4.5.0.tgz",
            "integrity": "sha1-4j8/nE+Pvd6HJSnBBxhXoIblzO8="
        },
        "lodash.isequal": {
            "version": "4.5.0",
            "resolved": "https://registry.npmjs.org/lodash.isequal/-/lodash.isequal-4.5.0.tgz",
            "integrity": "sha1-QVxEePK8wwEgwizhDtMib30+GOA="
        },
        "lodash.merge": {
            "version": "4.6.2",
            "resolved": "https://registry.npmjs.org/lodash.merge/-/lodash.merge-4.6.2.tgz",
            "integrity": "sha512-0KpjqXRVvrYyCsX1swR/XTK0va6VQkQM6MNo7PqW77ByjAhoARA8EfrP1N4+KlKj8YS0ZUCtRT/YUuhyYDujIQ=="
        },
        "parchment": {
            "version": "2.0.0-dev.2",
            "resolved": "https://registry.npmjs.org/parchment/-/parchment-2.0.0-dev.2.tgz",
            "integrity": "sha512-4fgRny4pPISoML08Zp7poi52Dff3E2G1ORTi2D/acJ/RiROdDAMDB6VcQNfBcmehrX5Wixp6dxh6JjLyE5yUNQ=="
        },
        "quill-delta": {
            "version": "4.2.2",
            "resolved": "https://registry.npmjs.org/quill-delta/-/quill-delta-4.2.2.tgz",
            "integrity": "sha512-qjbn82b/yJzOjstBgkhtBjN2TNK+ZHP/BgUQO+j6bRhWQQdmj2lH6hXG7+nwwLF41Xgn//7/83lxs9n2BkTtTg==",
            "requires": {
                "fast-diff": "1.2.0",
                "lodash.clonedeep": "^4.5.0",
                "lodash.isequal": "^4.5.0"
            }
        }
    }
}
